
Microsoft Visual Studio Solution File, Format Version 12.00
# Visual Studio Version 16
VisualStudioVersion = 16.0.32901.82
MinimumVisualStudioVersion = 10.0.40219.1
Project("{FAE04EC0-301F-11D3-BF4B-00C04F79EFBC}") = "ConsoleApp1", "ConsoleApp1\ConsoleApp1.csproj", "{C609A8EA-24AB-44CE-83BD-82630806A82F}"
EndProject
Global
	GlobalSection(SolutionConfigurationPlatforms) = preSolution
		Debug|Any CPU = Debug|Any CPU
		Release|Any CPU = Release|Any CPU
	EndGlobalSection
	GlobalSection(ProjectConfigurationPlatforms) = postSolution
		{C609A8EA-24AB-44CE-83BD-82630806A82F}.Debug|Any CPU.ActiveCfg = Debug|Any CPU
		{C609A8EA-24AB-44CE-83BD-82630806A82F}.Debug|Any CPU.Build.0 = Debug|Any CPU
		{C609A8EA-24AB-44CE-83BD-82630806A82F}.Release|Any CPU.ActiveCfg = Release|Any CPU
		{C609A8EA-24AB-44CE-83BD-82630806A82F}.Release|Any CPU.Build.0 = Release|Any CPU
	EndGlobalSection
	GlobalSection(SolutionProperties) = preSolution
		HideSolutionNode = FALSE
	EndGlobalSection
	GlobalSection(ExtensibilityGlobals) = postSolution
		SolutionGuid = {C8B08A24-C5A2-4A1D-8B9C-3C81B8A97CF5}
	EndGlobalSection
EndGlobal
